Microsoft Visual Studio Solution File, Format Version 10.00
# Visual Studio 2008
Project("{FAE04EC0-301F-11D3-BF4B-00C04F79EFBC}") = "IterateRows", "IterateRows\IterateRows.csproj", "{99732632-12C3-44F0-A953-A69A86698DBC}"
EndProject
Global
	GlobalSection(SolutionConfigurationPlatforms) = preSolution
		Debug|Any CPU = Debug|Any CPU
		Release|Any CPU = Release|Any CPU
	EndGlobalSection
	GlobalSection(ProjectConfigurationPlatforms) = postSolution
		{99732632-12C3-44F0-A953-A69A86698DBC}.Debug|Any CPU.ActiveCfg = Debug|Any CPU
		{99732632-12C3-44F0-A953-A69A86698DBC}.Debug|Any CPU.Build.0 = Debug|Any CPU
		{99732632-12C3-44F0-A953-A69A86698DBC}.Release|Any CPU.ActiveCfg = Release|Any CPU
	EndGlobalSection
	GlobalSection(SolutionProperties) = preSolution
		HideSolutionNode = FALSE
	EndGlobalSection
EndGlobal
